
Microsoft Visual Studio Solution File, Format Version 12.00
# Visual Studio Version 16
VisualStudioVersion = 16.0.31025.194
MinimumVisualStudioVersion = 10.0.40219.1
Project("{F2A71F9B-5D33-465A-A702-920D77279786}") = "RealWorld.Api", "RealWorld.Api\RealWorld.Api.fsproj", "{A8F4352E-6D69-499B-BCAA-E8F50229FAB2}"
EndProject
Global
	GlobalSection(SolutionConfigurationPlatforms) = preSolution
		Debug|Any CPU = Debug|Any CPU
		Release|Any CPU = Release|Any CPU
	EndGlobalSection
	GlobalSection(ProjectConfigurationPlatforms) = postSolution
		{A8F4352E-6D69-499B-BCAA-E8F50229FAB2}.Debug|Any CPU.ActiveCfg = Debug|Any CPU
		{A8F4352E-6D69-499B-BCAA-E8F50229FAB2}.Debug|Any CPU.Build.0 = Debug|Any CPU
		{A8F4352E-6D69-499B-BCAA-E8F50229FAB2}.Release|Any CPU.ActiveCfg = Release|Any CPU
		{A8F4352E-6D69-499B-BCAA-E8F50229FAB2}.Release|Any CPU.Build.0 = Release|Any CPU
	EndGlobalSection
	GlobalSection(SolutionProperties) = preSolution
		HideSolutionNode = FALSE
	EndGlobalSection
	GlobalSection(ExtensibilityGlobals) = postSolution
		SolutionGuid = {6ABFD833-1C64-401A-9B63-86CE998EFF98}
	EndGlobalSection
EndGlobal
